
<?xml version="1.0" encoding="UTF-8" standalone="yes" ?>
<CodeBlocks_project_file>
    <FileVersion major="1" minor="6" />
    <Project>
        <Option title="Lab_3_2_V10" />
        <Option execution_dir="." />
        <Build>
            <Target title="Debug">
                <Option output="bin/Debug/Lab_3_2_V10.exe" />
                <Option object_output="obj/Debug/" />
                <Option type="1" />
                <Compiler>
                    <Add option="-g" />
                </Compiler>
            </Target>
            <Target title="Release">
                <Option output="bin/Release/Lab_3_2_V10.exe" />
                <Option object_output="obj/Release/" />
                <Option type="1" />
                <Compiler>
                    <Add option="-O2" />
                </Compiler>
            </Target>
        </Build>
        <Compiler>
            <Add option="-Wall" />
        </Compiler>
        <Unit filename="main.c" />
        <Unit filename="header.c" />
        <Unit filename="header.h" />
        <Extensions />
    </Project>
</CodeBlocks_project_file>
